
Microsoft Visual Studio Solution File, Format Version 12.00
# Visual Studio Version 17
VisualStudioVersion = 17.0.31903.59
MinimumVisualStudioVersion = 10.0.40219.1
Project("{2150E333-8FDC-42A3-9474-1A3956D46DE8}") = "src", "src", "{51512DA1-916C-47C3-A314-36C920CBF59D}"
EndProject
Project("{FAE04EC0-301F-11D3-BF4B-00C04F79EFBC}") = "RateLimitingApi", "src\RateLimitingApi\RateLimitingApi.csproj", "{0724D83F-DAF3-4099-87F2-A5C5834F0646}"
EndProject
Global
	GlobalSection(SolutionConfigurationPlatforms) = preSolution
		Debug|Any CPU = Debug|Any CPU
		Release|Any CPU = Release|Any CPU
	EndGlobalSection
	GlobalSection(SolutionProperties) = preSolution
		HideSolutionNode = FALSE
	EndGlobalSection
	GlobalSection(ProjectConfigurationPlatforms) = postSolution
		{0724D83F-DAF3-4099-87F2-A5C5834F0646}.Debug|Any CPU.ActiveCfg = Debug|Any CPU
		{0724D83F-DAF3-4099-87F2-A5C5834F0646}.Debug|Any CPU.Build.0 = Debug|Any CPU
		{0724D83F-DAF3-4099-87F2-A5C5834F0646}.Release|Any CPU.ActiveCfg = Release|Any CPU
		{0724D83F-DAF3-4099-87F2-A5C5834F0646}.Release|Any CPU.Build.0 = Release|Any CPU
	EndGlobalSection
	GlobalSection(NestedProjects) = preSolution
		{0724D83F-DAF3-4099-87F2-A5C5834F0646} = {51512DA1-916C-47C3-A314-36C920CBF59D}
	EndGlobalSection
EndGlobal
